schema: '2.0'
stages:
  fetch:
    cmd: python src/fetch_comments.py
    outs:
    - path: data/raw/commentaires_youtube.csv
      hash: md5
      md5: 063ca1bfa2db657ba67cd79bdb2dcd30
      size: 1057608
  preprocess:
    cmd: python src/preprocess.py
    deps:
    - path: data/raw/commentaires_youtube.csv
      hash: md5
      md5: 063ca1bfa2db657ba67cd79bdb2dcd30
      size: 1057608
    - path: src/preprocess.py
      hash: md5
      md5: 927c0fc5548db72052bd99f860d32af8
      size: 951
    outs:
    - path: data/processed/commentaires_clean.csv
      hash: md5
      md5: 49db8006fd685af595c813ba3adc92c9
      size: 1688263
  annotate:
    cmd: python src/annotate.py
    deps:
    - path: data/processed/commentaires_clean.csv
      hash: md5
      md5: 49db8006fd685af595c813ba3adc92c9
      size: 1688263
    - path: src/annotate.py
      hash: md5
      md5: c29c12eb0932b015219524c601fad4fc
      size: 1565
    outs:
    - path: data/processed/commentaires_sentiment.csv
      hash: md5
      md5: 8e9b0bf1239e842e22c4ca3fa740245f
      size: 1962764
